{
  "name": "npm",
  "lockfileVersion": 2,
  "requires": true,
  "packages": {
    "": {
      "dependencies": {
        "files.photo.gallery": "^0.5.5"
      }
    },
    "node_modules/files.photo.gallery": {
      "version": "0.5.5",
      "resolved": "https://registry.npmjs.org/files.photo.gallery/-/files.photo.gallery-0.5.5.tgz",
      "integrity": "sha512-xtdBLycI30MjqVJF2Vxn86nc87p/dzbeApAEYAwD3P82g8ONd1bkaOlPhAIJFQi6i90BFQGjQxsE/s61WG6g7g=="
    }
  },
  "dependencies": {
    "files.photo.gallery": {
      "version": "0.5.5",
      "resolved": "https://registry.npmjs.org/files.photo.gallery/-/files.photo.gallery-0.5.5.tgz",
      "integrity": "sha512-xtdBLycI30MjqVJF2Vxn86nc87p/dzbeApAEYAwD3P82g8ONd1bkaOlPhAIJFQi6i90BFQGjQxsE/s61WG6g7g=="
    }
  }
}
